// !$*UTF8*$!
{
	archiveVersion = 1;
	classes = {
	};
	objectVersion = 77;
	objects = {

/* Begin PBXContainerItemProxy section */
		FB5D641E2DE05BCE002562B1 /* PBXContainerItemProxy */ = {
			isa = PBXContainerItemProxy;
			containerPortal = FB5D64052DE05BCC002562B1 /* Project object */;
			proxyType = 1;
			remoteGlobalIDString = FB5D640C2DE05BCC002562B1;
			remoteInfo = DorayCompanion;
		};
		FB5D64282DE05BCE002562B1 /* PBXContainerItemProxy */ = {
			isa = PBXContainerItemProxy;
			containerPortal = FB5D64052DE05BCC002562B1 /* Project object */;
			proxyType = 1;
			remoteGlobalIDString = FB5D640C2DE05BCC002562B1;
			remoteInfo = DorayCompanion;
		};
/* End PBXContainerItemProxy section */

/* Begin PBXFileReference section */
		FB5D640D2DE05BCC002562B1 /* DorayCompanion.app */ = {isa = PBXFileReference; explicitFileType = wrapper.application; includeInIndex = 0; path = DorayCompanion.app; sourceTree = BUILT_PRODUCTS_DIR; };
		FB5D641D2DE05BCE002562B1 /* DorayCompanionTests.xctest */ = {isa = PBXFileReference; explicitFileType = wrapper.cfbundle; includeInIndex = 0; path = DorayCompanionTests.xctest; sourceTree = BUILT_PRODUCTS_DIR; };
		FB5D64272DE05BCE002562B1 /* DorayCompanionUITests.xctest */ = {isa = PBXFileReference; explicitFileType = wrapper.cfbundle; includeInIndex = 0; path = DorayCompanionUITests.xctest; sourceTree = BUILT_PRODUCTS_DIR; };
/* End PBXFileReference section */

/* Begin PBXFileSystemSynchronizedRootGroup section */
		FB5D640F2DE05BCC002562B1 /* DorayCompanion */ = {
			isa = PBXFileSystemSynchronizedRootGroup;
			path = DorayCompanion;
			sourceTree = "<group>";
		};
		FB5D64202DE05BCE002562B1 /* DorayCompanionTests */ = {
			isa = PBXFileSystemSynchronizedRootGroup;
			path = DorayCompanionTests;
			sourceTree = "<group>";
		};
		FB5D642A2DE05BCE002562B1 /* DorayCompanionUITests */ = {
			isa = PBXFileSystemSynchronizedRootGroup;
			path = DorayCompanionUITests;
			sourceTree = "<group>";
		};
/* End PBXFileSystemSynchronizedRootGroup section */

/* Begin PBXFrameworksBuildPhase section */
		FB5D640A2DE05BCC002562B1 /* Frameworks */ = {
			isa = PBXFrameworksBuildPhase;
			buildActionMask = 2147483647;
			files = (
			);
			runOnlyForDeploymentPostprocessing = 0;
		};
		FB5D641A2DE05BCE002562B1 /* Frameworks */ = {
			isa = PBXFrameworksBuildPhase;
			buildActionMask = 2147483647;
			files = (
			);
			runOnlyForDeploymentPostprocessing = 0;
		};
		FB5D64242DE05BCE002562B1 /* Frameworks */ = {
			isa = PBXFrameworksBuildPhase;
			buildActionMask = 2147483647;
			files = (
			);
			runOnlyForDeploymentPostprocessing = 0;
		};
/* End PBXFrameworksBuildPhase section */

/* Begin PBXGroup section */
		FB5D64042DE05BCC002562B1 = {
			isa = PBXGroup;
			children = (
				FB5D640F2DE05BCC002562B1 /* DorayCompanion */,
				FB5D64202DE05BCE002562B1 /* DorayCompanionTests */,
				FB5D642A2DE05BCE002562B1 /* DorayCompanionUITests */,
				FB5D640E2DE05BCC002562B1 /* Products */,
			);
			sourceTree = "<group>";
		};
		FB5D640E2DE05BCC002562B1 /* Products */ = {
			isa = PBXGroup;
			children = (
				FB5D640D2DE05BCC002562B1 /* DorayCompanion.app */,
				FB5D641D2DE05BCE002562B1 /* DorayCompanionTests.xctest */,
				FB5D64272DE05BCE002562B1 /* DorayCompanionUITests.xctest */,
			);
			name = Products;
			sourceTree = "<group>";
		};
/* End PBXGroup section */

/* Begin PBXNativeTarget section */
		FB5D640C2DE05BCC002562B1 /* DorayCompanion */ = {
			isa = PBXNativeTarget;
			buildConfigurationList = FB5D64312DE05BCE002562B1 /* Build configuration list for PBXNativeTarget "DorayCompanion" */;
			buildPhases = (
				FB5D64092DE05BCC002562B1 /* Sources */,
				FB5D640A2DE05BCC002562B1 /* Frameworks */,
				FB5D640B2DE05BCC002562B1 /* Resources */,
			);
			buildRules = (
			);
			dependencies = (
			);
			fileSystemSynchronizedGroups = (
				FB5D640F2DE05BCC002562B1 /* DorayCompanion */,
			);
			name = DorayCompanion;
			packageProductDependencies = (
			);
			productName = DorayCompanion;
			productReference = FB5D640D2DE05BCC002562B1 /* DorayCompanion.app */;
			productType = "com.apple.product-type.application";
		};
		FB5D641C2DE05BCE002562B1 /* DorayCompanionTests */ = {
			isa = PBXNativeTarget;
			buildConfigurationList = FB5D64342DE05BCE002562B1 /* Build configuration list for PBXNativeTarget "DorayCompanionTests" */;
			buildPhases = (
				FB5D64192DE05BCE002562B1 /* Sources */,
				FB5D641A2DE05BCE002562B1 /* Frameworks */,
				FB5D641B2DE05BCE002562B1 /* Resources */,
			);
			buildRules = (
			);
			dependencies = (
				FB5D641F2DE05BCE002562B1 /* PBXTargetDependency */,
			);
			fileSystemSynchronizedGroups = (
				FB5D64202DE05BCE002562B1 /* DorayCompanionTests */,
			);
			name = DorayCompanionTests;
			packageProductDependencies = (
			);
			productName = DorayCompanionTests;
			productReference = FB5D641D2DE05BCE002562B1 /* DorayCompanionTests.xctest */;
			productType = "com.apple.product-type.bundle.unit-test";
		};
		FB5D64262DE05BCE002562B1 /* DorayCompanionUITests */ = {
			isa = PBXNativeTarget;
			buildConfigurationList = FB5D64372DE05BCE002562B1 /* Build configuration list for PBXNativeTarget "DorayCompanionUITests" */;
			buildPhases = (
				FB5D64232DE05BCE002562B1 /* Sources */,
				FB5D64242DE05BCE002562B1 /* Frameworks */,
				FB5D64252DE05BCE002562B1 /* Resources */,
			);
			buildRules = (
			);
			dependencies = (
				FB5D64292DE05BCE002562B1 /* PBXTargetDependency */,
			);
			fileSystemSynchronizedGroups = (
				FB5D642A2DE05BCE002562B1 /* DorayCompanionUITests */,
			);
			name = DorayCompanionUITests;
			packageProductDependencies = (
			);
			productName = DorayCompanionUITests;
			productReference = FB5D64272DE05BCE002562B1 /* DorayCompanionUITests.xctest */;
			productType = "com.apple.product-type.bundle.ui-testing";
		};
/* End PBXNativeTarget section */

/* Begin PBXProject section */
		FB5D64052DE05BCC002562B1 /* Project object */ = {
			isa = PBXProject;
			attributes = {
				BuildIndependentTargetsInParallel = 1;
				LastSwiftUpdateCheck = 1620;
				LastUpgradeCheck = 1620;
				TargetAttributes = {
					FB5D640C2DE05BCC002562B1 = {
						CreatedOnToolsVersion = 16.2;
					};
					FB5D641C2DE05BCE002562B1 = {
						CreatedOnToolsVersion = 16.2;
						TestTargetID = FB5D640C2DE05BCC002562B1;
					};
					FB5D64262DE05BCE002562B1 = {
						CreatedOnToolsVersion = 16.2;
						TestTargetID = FB5D640C2DE05BCC002562B1;
					};
				};
			};
			buildConfigurationList = FB5D64082DE05BCC002562B1 /* Build configuration list for PBXProject "DorayCompanion" */;
			developmentRegion = en;
			hasScannedForEncodings = 0;
			knownRegions = (
				en,
				Base,
			);
			mainGroup = FB5D64042DE05BCC002562B1;
			minimizedProjectReferenceProxies = 1;
			preferredProjectObjectVersion = 77;
			productRefGroup = FB5D640E2DE05BCC002562B1 /* Products */;
			projectDirPath = "";
			projectRoot = "";
			targets = (
				FB5D640C2DE05BCC002562B1 /* DorayCompanion */,
				FB5D641C2DE05BCE002562B1 /* DorayCompanionTests */,
				FB5D64262DE05BCE002562B1 /* DorayCompanionUITests */,
			);
		};
/* End PBXProject section */

/* Begin PBXResourcesBuildPhase section */
		FB5D640B2DE05BCC002562B1 /* Resources */ = {
			isa = PBXResourcesBuildPhase;
			buildActionMask = 2147483647;
			files = (
			);
			runOnlyForDeploymentPostprocessing = 0;
		};
		FB5D641B2DE05BCE002562B1 /* Resources */ = {
			isa = PBXResourcesBuildPhase;
			buildActionMask = 2147483647;
			files = (
			);
			runOnlyForDeploymentPostprocessing = 0;
		};
		FB5D64252DE05BCE002562B1 /* Resources */ = {
			isa = PBXResourcesBuildPhase;
			buildActionMask = 2147483647;
			files = (
			);
			runOnlyForDeploymentPostprocessing = 0;
		};
/* End PBXResourcesBuildPhase section */

/* Begin PBXSourcesBuildPhase section */
		FB5D64092DE05BCC002562B1 /* Sources */ = {
			isa = PBXSourcesBuildPhase;
			buildActionMask = 2147483647;
			files = (
			);
			runOnlyForDeploymentPostprocessing = 0;
		};
		FB5D64192DE05BCE002562B1 /* Sources */ = {
			isa = PBXSourcesBuildPhase;
			buildActionMask = 2147483647;
			files = (
			);
			runOnlyForDeploymentPostprocessing = 0;
		};
		FB5D64232DE05BCE002562B1 /* Sources */ = {
			isa = PBXSourcesBuildPhase;
			buildActionMask = 2147483647;
			files = (
			);
			runOnlyForDeploymentPostprocessing = 0;
		};
/* End PBXSourcesBuildPhase section */

/* Begin PBXTargetDependency section */
		FB5D641F2DE05BCE002562B1 /* PBXTargetDependency */ = {
			isa = PBXTargetDependency;
			target = FB5D640C2DE05BCC002562B1 /* DorayCompanion */;
			targetProxy = FB5D641E2DE05BCE002562B1 /* PBXContainerItemProxy */;
		};
		FB5D64292DE05BCE002562B1 /* PBXTargetDependency */ = {
			isa = PBXTargetDependency;
			target = FB5D640C2DE05BCC002562B1 /* DorayCompanion */;
			targetProxy = FB5D64282DE05BCE002562B1 /* PBXContainerItemProxy */;
		};
/* End PBXTargetDependency section */

/* Begin XCBuildConfiguration section */
		FB5D642F2DE05BCE002562B1 /* Debug */ = {
			isa = XCBuildConfiguration;
			buildSettings = {
				ALWAYS_SEARCH_USER_PATHS = NO;
				ASSETCATALOG_COMPILER_GENERATE_SWIFT_ASSET_SYMBOL_EXTENSIONS = YES;
				CLANG_ANALYZER_NONNULL = YES;
				CLANG_ANALYZER_NUMBER_OBJECT_CONVERSION = YES_AGGRESSIVE;
				CLANG_CXX_LANGUAGE_STANDARD = "gnu++20";
				CLANG_ENABLE_MODULES = YES;
				CLANG_ENABLE_OBJC_ARC = YES;
				CLANG_ENABLE_OBJC_WEAK = YES;
				CLANG_WARN_BLOCK_CAPTURE_AUTORELEASING = YES;
				CLANG_WARN_BOOL_CONVERSION = YES;
				CLANG_WARN_COMMA = YES;
				CLANG_WARN_CONSTANT_CONVERSION = YES;
				CLANG_WARN_DEPRECATED_OBJC_IMPLEMENTATIONS = YES;
				CLANG_WARN_DIRECT_OBJC_ISA_USAGE = YES_ERROR;
				CLANG_WARN_DOCUMENTATION_COMMENTS = YES;
				CLANG_WARN_EMPTY_BODY = YES;
				CLANG_WARN_ENUM_CONVERSION = YES;
				CLANG_WARN_INFINITE_RECURSION = YES;
				CLANG_WARN_INT_CONVERSION = YES;
				CLANG_WARN_NON_LITERAL_NULL_CONVERSION = YES;
				CLANG_WARN_OBJC_IMPLICIT_RETAIN_SELF = YES;
				CLANG_WARN_OBJC_LITERAL_CONVERSION = YES;
				CLANG_WARN_OBJC_ROOT_CLASS = YES_ERROR;
				CLANG_WARN_QUOTED_INCLUDE_IN_FRAMEWORK_HEADER = YES;
				CLANG_WARN_RANGE_LOOP_ANALYSIS = YES;
				CLANG_WARN_STRICT_PROTOTYPES = YES;
				CLANG_WARN_SUSPICIOUS_MOVE = YES;
				CLANG_WARN_UNGUARDED_AVAILABILITY = YES_AGGRESSIVE;
				CLANG_WARN_UNREACHABLE_CODE = YES;
				CLANG_WARN__DUPLICATE_METHOD_MATCH = YES;
				COPY_PHASE_STRIP = NO;
				DEBUG_INFORMATION_FORMAT = dwarf;
				ENABLE_STRICT_OBJC_MSGSEND = YES;
				ENABLE_TESTABILITY = YES;
				ENABLE_USER_SCRIPT_SANDBOXING = YES;
				GCC_C_LANGUAGE_STANDARD = gnu17;
				GCC_DYNAMIC_NO_PIC = NO;
				GCC_NO_COMMON_BLOCKS = YES;
				GCC_OPTIMIZATION_LEVEL = 0;
				GCC_PREPROCESSOR_DEFINITIONS = (
					"DEBUG=1",
					"$(inherited)",
				);
				GCC_WARN_64_TO_32_BIT_CONVERSION = YES;
				GCC_WARN_ABOUT_RETURN_TYPE = YES_ERROR;
				GCC_WARN_UNDECLARED_SELECTOR = YES;
				GCC_WARN_UNINITIALIZED_AUTOS = YES_AGGRESSIVE;
				GCC_WARN_UNUSED_FUNCTION = YES;
				GCC_WARN_UNUSED_VARIABLE = YES;
				IPHONEOS_DEPLOYMENT_TARGET = 18.2;
				LOCALIZATION_PREFERS_STRING_CATALOGS = YES;
				MTL_ENABLE_DEBUG_INFO = INCLUDE_SOURCE;
				MTL_FAST_MATH = YES;
				ONLY_ACTIVE_ARCH = YES;
				SDKROOT = iphoneos;
				SWIFT_ACTIVE_COMPILATION_CONDITIONS = "DEBUG $(inherited)";
				SWIFT_OPTIMIZATION_LEVEL = "-Onone";
			};
			name = Debug;
		};
		FB5D64302DE05BCE002562B1 /* Release */ = {
			isa = XCBuildConfiguration;
			buildSettings = {
				ALWAYS_SEARCH_USER_PATHS = NO;
				ASSETCATALOG_COMPILER_GENERATE_SWIFT_ASSET_SYMBOL_EXTENSIONS = YES;
				CLANG_ANALYZER_NONNULL = YES;
				CLANG_ANALYZER_NUMBER_OBJECT_CONVERSION = YES_AGGRESSIVE;
				CLANG_CXX_LANGUAGE_STANDARD = "gnu++20";
				CLANG_ENABLE_MODULES = YES;
				CLANG_ENABLE_OBJC_ARC = YES;
				CLANG_ENABLE_OBJC_WEAK = YES;
				CLANG_WARN_BLOCK_CAPTURE_AUTORELEASING = YES;
				CLANG_WARN_BOOL_CONVERSION = YES;
				CLANG_WARN_COMMA = YES;
				CLANG_WARN_CONSTANT_CONVERSION = YES;
				CLANG_WARN_DEPRECATED_OBJC_IMPLEMENTATIONS = YES;
				CLANG_WARN_DIRECT_OBJC_ISA_USAGE = YES_ERROR;
				CLANG_WARN_DOCUMENTATION_COMMENTS = YES;
				CLANG_WARN_EMPTY_BODY = YES;
				CLANG_WARN_ENUM_CONVERSION = YES;
				CLANG_WARN_INFINITE_RECURSION = YES;
				CLANG_WARN_INT_CONVERSION = YES;
				CLANG_WARN_NON_LITERAL_NULL_CONVERSION = YES;
				CLANG_WARN_OBJC_IMPLICIT_RETAIN_SELF = YES;
				CLANG_WARN_OBJC_LITERAL_CONVERSION = YES;
				CLANG_WARN_OBJC_ROOT_CLASS = YES_ERROR;
				CLANG_WARN_QUOTED_INCLUDE_IN_FRAMEWORK_HEADER = YES;
				CLANG_WARN_RANGE_LOOP_ANALYSIS = YES;
				CLANG_WARN_STRICT_PROTOTYPES = YES;
				CLANG_WARN_SUSPICIOUS_MOVE = YES;
				CLANG_WARN_UNGUARDED_AVAILABILITY = YES_AGGRESSIVE;
				CLANG_WARN_UNREACHABLE_CODE = YES;
				CLANG_WARN__DUPLICATE_METHOD_MATCH = YES;
				COPY_PHASE_STRIP = NO;
				DEBUG_INFORMATION_FORMAT = "dwarf-with-dsym";
				ENABLE_NS_ASSERTIONS = NO;
				ENABLE_STRICT_OBJC_MSGSEND = YES;
				ENABLE_USER_SCRIPT_SANDBOXING = YES;
				GCC_C_LANGUAGE_STANDARD = gnu17;
				GCC_NO_COMMON_BLOCKS = YES;
				GCC_WARN_64_TO_32_BIT_CONVERSION = YES;
				GCC_WARN_ABOUT_RETURN_TYPE = YES_ERROR;
				GCC_WARN_UNDECLARED_SELECTOR = YES;
				GCC_WARN_UNINITIALIZED_AUTOS = YES_AGGRESSIVE;
				GCC_WARN_UNUSED_FUNCTION = YES;
				GCC_WARN_UNUSED_VARIABLE = YES;
				IPHONEOS_DEPLOYMENT_TARGET = 18.2;
				LOCALIZATION_PREFERS_STRING_CATALOGS = YES;
				MTL_ENABLE_DEBUG_INFO = NO;
				MTL_FAST_MATH = YES;
				SDKROOT = iphoneos;
				SWIFT_COMPILATION_MODE = wholemodule;
				VALIDATE_PRODUCT = YES;
			};
			name = Release;
		};
		FB5D64322DE05BCE002562B1 /* Debug */ = {
			isa = XCBuildConfiguration;
			buildSettings = {
				ASSETCATALOG_COMPILER_APPICON_NAME = AppIcon;
				ASSETCATALOG_COMPILER_GLOBAL_ACCENT_COLOR_NAME = AccentColor;
				CODE_SIGN_STYLE = Automatic;
				CURRENT_PROJECT_VERSION = 1;
				DEVELOPMENT_ASSET_PATHS = "\"DorayCompanion/Preview Content\"";
				DEVELOPMENT_TEAM = 94ADL6Z4T6;
				ENABLE_PREVIEWS = YES;
				GENERATE_INFOPLIST_FILE = YES;
				INFOPLIST_KEY_UIApplicationSceneManifest_Generation = YES;
				INFOPLIST_KEY_UIApplicationSupportsIndirectInputEvents = YES;
				INFOPLIST_KEY_UILaunchScreen_Generation = YES;
				INFOPLIST_KEY_UISupportedInterfaceOrientations_iPad = "UIInterfaceOrientationPortrait UIInterfaceOrientationPortraitUpsideDown UIInterfaceOrientationLandscapeLeft UIInterfaceOrientationLandscapeRight";
				INFOPLIST_KEY_UISupportedInterfaceOrientations_iPhone = "UIInterfaceOrientationPortrait UIInterfaceOrientationLandscapeLeft UIInterfaceOrientationLandscapeRight";
				LD_RUNPATH_SEARCH_PATHS = (
					"$(inherited)",
					"@executable_path/Frameworks",
				);
				MARKETING_VERSION = 1.0;
				PRODUCT_BUNDLE_IDENTIFIER = com.mata.DorayCompanion;
				PRODUCT_NAME = "$(TARGET_NAME)";
				SWIFT_EMIT_LOC_STRINGS = YES;
				SWIFT_VERSION = 5.0;
				TARGETED_DEVICE_FAMILY = "1,2";
			};
			name = Debug;
		};
		FB5D64332DE05BCE002562B1 /* Release */ = {
			isa = XCBuildConfiguration;
			buildSettings = {
				ASSETCATALOG_COMPILER_APPICON_NAME = AppIcon;
				ASSETCATALOG_COMPILER_GLOBAL_ACCENT_COLOR_NAME = AccentColor;
				CODE_SIGN_STYLE = Automatic;
				CURRENT_PROJECT_VERSION = 1;
				DEVELOPMENT_ASSET_PATHS = "\"DorayCompanion/Preview Content\"";
				DEVELOPMENT_TEAM = 94ADL6Z4T6;
				ENABLE_PREVIEWS = YES;
				GENERATE_INFOPLIST_FILE = YES;
				INFOPLIST_KEY_UIApplicationSceneManifest_Generation = YES;
				INFOPLIST_KEY_UIApplicationSupportsIndirectInputEvents = YES;
				INFOPLIST_KEY_UILaunchScreen_Generation = YES;
				INFOPLIST_KEY_UISupportedInterfaceOrientations_iPad = "UIInterfaceOrientationPortrait UIInterfaceOrientationPortraitUpsideDown UIInterfaceOrientationLandscapeLeft UIInterfaceOrientationLandscapeRight";
				INFOPLIST_KEY_UISupportedInterfaceOrientations_iPhone = "UIInterfaceOrientationPortrait UIInterfaceOrientationLandscapeLeft UIInterfaceOrientationLandscapeRight";
				LD_RUNPATH_SEARCH_PATHS = (
					"$(inherited)",
					"@executable_path/Frameworks",
				);
				MARKETING_VERSION = 1.0;
				PRODUCT_BUNDLE_IDENTIFIER = com.mata.DorayCompanion;
				PRODUCT_NAME = "$(TARGET_NAME)";
				SWIFT_EMIT_LOC_STRINGS = YES;
				SWIFT_VERSION = 5.0;
				TARGETED_DEVICE_FAMILY = "1,2";
			};
			name = Release;
		};
		FB5D64352DE05BCE002562B1 /* Debug */ = {
			isa = XCBuildConfiguration;
			buildSettings = {
				BUNDLE_LOADER = "$(TEST_HOST)";
				CODE_SIGN_STYLE = Automatic;
				CURRENT_PROJECT_VERSION = 1;
				DEVELOPMENT_TEAM = 94ADL6Z4T6;
				GENERATE_INFOPLIST_FILE = YES;
				IPHONEOS_DEPLOYMENT_TARGET = 18.2;
				MARKETING_VERSION = 1.0;
				PRODUCT_BUNDLE_IDENTIFIER = com.mata.DorayCompanionTests;
				PRODUCT_NAME = "$(TARGET_NAME)";
				SWIFT_EMIT_LOC_STRINGS = NO;
				SWIFT_VERSION = 5.0;
				TARGETED_DEVICE_FAMILY = "1,2";
				TEST_HOST = "$(BUILT_PRODUCTS_DIR)/DorayCompanion.app/$(BUNDLE_EXECUTABLE_FOLDER_PATH)/DorayCompanion";
			};
			name = Debug;
		};
		FB5D64362DE05BCE002562B1 /* Release */ = {
			isa = XCBuildConfiguration;
			buildSettings = {
				BUNDLE_LOADER = "$(TEST_HOST)";
				CODE_SIGN_STYLE = Automatic;
				CURRENT_PROJECT_VERSION = 1;
				DEVELOPMENT_TEAM = 94ADL6Z4T6;
				GENERATE_INFOPLIST_FILE = YES;
				IPHONEOS_DEPLOYMENT_TARGET = 18.2;
				MARKETING_VERSION = 1.0;
				PRODUCT_BUNDLE_IDENTIFIER = com.mata.DorayCompanionTests;
				PRODUCT_NAME = "$(TARGET_NAME)";
				SWIFT_EMIT_LOC_STRINGS = NO;
				SWIFT_VERSION = 5.0;
				TARGETED_DEVICE_FAMILY = "1,2";
				TEST_HOST = "$(BUILT_PRODUCTS_DIR)/DorayCompanion.app/$(BUNDLE_EXECUTABLE_FOLDER_PATH)/DorayCompanion";
			};
			name = Release;
		};
		FB5D64382DE05BCE002562B1 /* Debug */ = {
			isa = XCBuildConfiguration;
			buildSettings = {
				CODE_SIGN_STYLE = Automatic;
				CURRENT_PROJECT_VERSION = 1;
				DEVELOPMENT_TEAM = 94ADL6Z4T6;
				GENERATE_INFOPLIST_FILE = YES;
				MARKETING_VERSION = 1.0;
				PRODUCT_BUNDLE_IDENTIFIER = com.mata.DorayCompanionUITests;
				PRODUCT_NAME = "$(TARGET_NAME)";
				SWIFT_EMIT_LOC_STRINGS = NO;
				SWIFT_VERSION = 5.0;
				TARGETED_DEVICE_FAMILY = "1,2";
				TEST_TARGET_NAME = DorayCompanion;
			};
			name = Debug;
		};
		FB5D64392DE05BCE002562B1 /* Release */ = {
			isa = XCBuildConfiguration;
			buildSettings = {
				CODE_SIGN_STYLE = Automatic;
				CURRENT_PROJECT_VERSION = 1;
				DEVELOPMENT_TEAM = 94ADL6Z4T6;
				GENERATE_INFOPLIST_FILE = YES;
				MARKETING_VERSION = 1.0;
				PRODUCT_BUNDLE_IDENTIFIER = com.mata.DorayCompanionUITests;
				PRODUCT_NAME = "$(TARGET_NAME)";
				SWIFT_EMIT_LOC_STRINGS = NO;
				SWIFT_VERSION = 5.0;
				TARGETED_DEVICE_FAMILY = "1,2";
				TEST_TARGET_NAME = DorayCompanion;
			};
			name = Release;
		};
/* End XCBuildConfiguration section */

/* Begin XCConfigurationList section */
		FB5D64082DE05BCC002562B1 /* Build configuration list for PBXProject "DorayCompanion" */ = {
			isa = XCConfigurationList;
			buildConfigurations = (
				FB5D642F2DE05BCE002562B1 /* Debug */,
				FB5D64302DE05BCE002562B1 /* Release */,
			);
			defaultConfigurationIsVisible = 0;
			defaultConfigurationName = Release;
		};
		FB5D64312DE05BCE002562B1 /* Build configuration list for PBXNativeTarget "DorayCompanion" */ = {
			isa = XCConfigurationList;
			buildConfigurations = (
				FB5D64322DE05BCE002562B1 /* Debug */,
				FB5D64332DE05BCE002562B1 /* Release */,
			);
			defaultConfigurationIsVisible = 0;
			defaultConfigurationName = Release;
		};
		FB5D64342DE05BCE002562B1 /* Build configuration list for PBXNativeTarget "DorayCompanionTests" */ = {
			isa = XCConfigurationList;
			buildConfigurations = (
				FB5D64352DE05BCE002562B1 /* Debug */,
				FB5D64362DE05BCE002562B1 /* Release */,
			);
			defaultConfigurationIsVisible = 0;
			defaultConfigurationName = Release;
		};
		FB5D64372DE05BCE002562B1 /* Build configuration list for PBXNativeTarget "DorayCompanionUITests" */ = {
			isa = XCConfigurationList;
			buildConfigurations = (
				FB5D64382DE05BCE002562B1 /* Debug */,
				FB5D64392DE05BCE002562B1 /* Release */,
			);
			defaultConfigurationIsVisible = 0;
			defaultConfigurationName = Release;
		};
/* End XCConfigurationList section */
	};
	rootObject = FB5D64052DE05BCC002562B1 /* Project object */;
}
